
Microsoft Visual Studio Solution File, Format Version 12.00
# Visual Studio 15
VisualStudioVersion = 15.0.28307.168
MinimumVisualStudioVersion = 10.0.40219.1
Project("{FAE04EC0-301F-11D3-BF4B-00C04F79EFBC}") = "SOPAuthApp", "SOPAuthApp\SOPAuthApp.csproj", "{E995932C-9681-4D46-9177-E4EF46C623A4}"
EndProject
Project("{FAE04EC0-301F-11D3-BF4B-00C04F79EFBC}") = "ClientSOPApp1", "ClientSOPApp1\ClientSOPApp1.csproj", "{7D689FAD-FDF9-4124-AAFF-3CA87AADBAA3}"
	ProjectSection(ProjectDependencies) = postProject
		{E995932C-9681-4D46-9177-E4EF46C623A4} = {E995932C-9681-4D46-9177-E4EF46C623A4}
	EndProjectSection
EndProject
Global
	GlobalSection(SolutionConfigurationPlatforms) = preSolution
		Debug|Any CPU = Debug|Any CPU
		Release|Any CPU = Release|Any CPU
	EndGlobalSection
	GlobalSection(ProjectConfigurationPlatforms) = postSolution
		{E995932C-9681-4D46-9177-E4EF46C623A4}.Debug|Any CPU.ActiveCfg = Debug|Any CPU
		{E995932C-9681-4D46-9177-E4EF46C623A4}.Debug|Any CPU.Build.0 = Debug|Any CPU
		{E995932C-9681-4D46-9177-E4EF46C623A4}.Release|Any CPU.ActiveCfg = Release|Any CPU
		{E995932C-9681-4D46-9177-E4EF46C623A4}.Release|Any CPU.Build.0 = Release|Any CPU
		{7D689FAD-FDF9-4124-AAFF-3CA87AADBAA3}.Debug|Any CPU.ActiveCfg = Debug|Any CPU
		{7D689FAD-FDF9-4124-AAFF-3CA87AADBAA3}.Debug|Any CPU.Build.0 = Debug|Any CPU
		{7D689FAD-FDF9-4124-AAFF-3CA87AADBAA3}.Release|Any CPU.ActiveCfg = Release|Any CPU
		{7D689FAD-FDF9-4124-AAFF-3CA87AADBAA3}.Release|Any CPU.Build.0 = Release|Any CPU
	EndGlobalSection
	GlobalSection(SolutionProperties) = preSolution
		HideSolutionNode = FALSE
	EndGlobalSection
	GlobalSection(ExtensibilityGlobals) = postSolution
		SolutionGuid = {3A852A4A-9314-43AD-A3BF-60765A5A0DB9}
	EndGlobalSection
EndGlobal
